{
  "version": 4,
  "terraform_version": "1.11.4",
  "serial": 27,
  "lineage": "4a4752cf-ea16-b9ad-c552-e6414006d540",
  "outputs": {
    "master_ips": {
      "value": {},
      "type": [
        "object",
        {}
      ]
    },
    "worker_ips": {
      "value": {
        "worker04": "192.168.0.5"
      },
      "type": [
        "object",
        {
          "worker04": "string"
        }
      ]
    }
  },
  "resources": [
    {
      "mode": "data",
      "type": "vsphere_datacenter",
      "name": "master_dc",
      "provider": "provider[\"registry.terraform.io/hashicorp/vsphere\"]",
      "instances": [
        {
          "schema_version": 0,
          "attributes": {
            "id": "datacenter-1030",
            "name": "Paasta-DC",
            "virtual_machines": [
              "HAProxy1",
              "HAProxy2",
              "Master1",
              "Master2",
              "Master3",
              "Master4",
              "Master5",
              "master-VM",
              "master-VM-Template"
            ]
          },
          "sensitive_attributes": []
        }
      ]
    },
    {
      "mode": "data",
      "type": "vsphere_datacenter",
      "name": "worker_dc",
      "provider": "provider[\"registry.terraform.io/hashicorp/vsphere\"]",
      "instances": [
        {
          "schema_version": 0,
          "attributes": {
            "id": "datacenter-3",
            "name": "Fisa_ce_Datacenter",
            "virtual_machines": [
              "AdminDB",
              "AuthDB",
              "CatalogDB",
              "Clobee-Batch",
              "Clobee-CICD",
              "Clobee-DB-1",
              "Clobee-DB-2",
              "Clobee-ES",
              "Clobee-HAproxy",
              "Clobee-Monitering",
              "DNS-NAT-server",
              "FISA VMware vCenter Server",
              "Jenkins",
              "Jenkins-Spring-CI",
              "MCP_Log_Analyzer",
              "MasterDB",
              "NAT-server",
              "NAT-server3",
              "Orchestrator",
              "PDJenkins",
              "PartnerDB",
              "PaymentDB",
              "ProxyServer01",
              "ProxyServer02",
              "ReplicaDB1",
              "ReplicaDB2",
              "ReservationDB",
              "ServerWorker",
              "Shoong-Harbor",
              "Shoong-Jenkins",
              "Ubuntu24042",
              "Ubuntu24042ver2",
              "Ubuntu24042ver3",
              "UserDB",
              "VPN-Server",
              "WorkerTemplateVM",
              "aws-connect-server2",
              "database-master",
              "database-slave",
              "db01",
              "db02",
              "db03",
              "esxi",
              "example",
              "gitlab",
              "kafka01",
              "kafka02",
              "kafka03",
              "lb-node",
              "master-1",
              "master-2",
              "master-3",
              "masternode",
              "monitoring",
              "solra-esxi-02",
              "teset",
              "test",
              "test3",
              "ubuntu",
              "vpn-client",
              "worker-1",
              "worker-2",
              "worker-3",
              "worker01",
              "worker02",
              "worker03",
              "worker04",
              "workernode1",
              "workernode2"
            ]
          },
          "sensitive_attributes": []
        }
      ]
    },
    {
      "mode": "data",
      "type": "vsphere_datastore",
      "name": "master_datastore",
      "provider": "provider[\"registry.terraform.io/hashicorp/vsphere\"]",
      "instances": [
        {
          "schema_version": 0,
          "attributes": {
            "datacenter_id": "datacenter-1030",
            "id": "datastore-1105",
            "name": "Master2-DS",
            "stats": {
              "capacity": "64156073984",
              "free": "36894146560"
            }
          },
          "sensitive_attributes": []
        }
      ]
    },
    {
      "mode": "data",
      "type": "vsphere_datastore",
      "name": "worker_datastore",
      "provider": "provider[\"registry.terraform.io/hashicorp/vsphere\"]",
      "instances": [
        {
          "schema_version": 0,
          "attributes": {
            "datacenter_id": "datacenter-3",
            "id": "datastore-1014",
            "name": "Datastore",
            "stats": {
              "capacity": "3000571527168",
              "free": "1814332178432"
            }
          },
          "sensitive_attributes": []
        }
      ]
    },
    {
      "mode": "data",
      "type": "vsphere_host",
      "name": "esxi_100",
      "provider": "provider[\"registry.terraform.io/hashicorp/vsphere\"]",
      "instances": [
        {
          "schema_version": 0,
          "attributes": {
            "datacenter_id": "datacenter-1030",
            "id": "host-1037",
            "name": "10.8.0.100",
            "resource_pool_id": "resgroup-1181"
          },
          "sensitive_attributes": []
        }
      ]
    },
    {
      "mode": "data",
      "type": "vsphere_host",
      "name": "esxi_101",
      "provider": "provider[\"registry.terraform.io/hashicorp/vsphere\"]",
      "instances": [
        {
          "schema_version": 0,
          "attributes": {
            "datacenter_id": "datacenter-1030",
            "id": "host-1104",
            "name": "10.8.0.101",
            "resource_pool_id": "resgroup-1183"
          },
          "sensitive_attributes": []
        }
      ]
    },
    {
      "mode": "data",
      "type": "vsphere_network",
      "name": "master_network",
      "provider": "provider[\"registry.terraform.io/hashicorp/vsphere\"]",
      "instances": [
        {
          "schema_version": 0,
          "attributes": {
            "datacenter_id": "datacenter-1030",
            "distributed_virtual_switch_uuid": null,
            "filter": null,
            "id": "network-1038",
            "name": "VM Network",
            "retry_interval": 500,
            "retry_timeout": 0,
            "type": "Network"
          },
          "sensitive_attributes": []
        }
      ]
    },
    {
      "mode": "data",
      "type": "vsphere_network",
      "name": "worker_network",
      "provider": "provider[\"registry.terraform.io/hashicorp/vsphere\"]",
      "instances": [
        {
          "schema_version": 0,
          "attributes": {
            "datacenter_id": "datacenter-3",
            "distributed_virtual_switch_uuid": null,
            "filter": null,
            "id": "network-12",
            "name": "VM Network",
            "retry_interval": 500,
            "retry_timeout": 0,
            "type": "Network"
          },
          "sensitive_attributes": []
        }
      ]
    },
    {
      "mode": "data",
      "type": "vsphere_resource_pool",
      "name": "worker_pool",
      "provider": "provider[\"registry.terraform.io/hashicorp/vsphere\"]",
      "instances": [
        {
          "schema_version": 0,
          "attributes": {
            "datacenter_id": "datacenter-3",
            "id": "resgroup-1010",
            "name": "Paasta-RS"
          },
          "sensitive_attributes": []
        }
      ]
    },
    {
      "mode": "data",
      "type": "vsphere_virtual_machine",
      "name": "worker_template",
      "provider": "provider[\"registry.terraform.io/hashicorp/vsphere\"]",
      "instances": [
        {
          "schema_version": 0,
          "attributes": {
            "alternate_guest_name": "",
            "annotation": "",
            "boot_delay": 0,
            "boot_retry_delay": 10000,
            "boot_retry_enabled": false,
            "change_version": "2025-05-31T02:21:13.482742Z",
            "cpu_hot_add_enabled": true,
            "cpu_hot_remove_enabled": false,
            "cpu_limit": -1,
            "cpu_performance_counters_enabled": false,
            "cpu_reservation": 0,
            "cpu_share_count": 4000,
            "cpu_share_level": "normal",
            "datacenter_id": "datacenter-3",
            "default_ip_address": null,
            "disks": [
              {
                "eagerly_scrub": false,
                "label": "Hard disk 1",
                "size": 100,
                "thin_provisioned": false,
                "unit_number": 0
              }
            ],
            "efi_secure_boot_enabled": false,
            "enable_disk_uuid": false,
            "enable_logging": true,
            "ept_rvi_mode": "automatic",
            "extra_config": {},
            "extra_config_reboot_required": true,
            "firmware": "bios",
            "folder": null,
            "guest_id": "ubuntu64Guest",
            "guest_ip_addresses": [],
            "hardware_version": 19,
            "hv_mode": "hvAuto",
            "id": "422c11b4-ebe0-19cd-12a8-149ad33f7573",
            "ide_controller_scan_count": 2,
            "instance_uuid": "502cb837-3b93-ec6c-7aff-1fb58fd3319c",
            "latency_sensitivity": "normal",
            "memory": 16384,
            "memory_hot_add_enabled": false,
            "memory_limit": -1,
            "memory_reservation": 0,
            "memory_reservation_locked_to_max": false,
            "memory_share_count": 163840,
            "memory_share_level": "normal",
            "moid": "vm-1216",
            "name": "Ubuntu24042ver3",
            "nested_hv_enabled": false,
            "network_interface_types": [
              "vmxnet3"
            ],
            "network_interfaces": [
              {
                "adapter_type": "vmxnet3",
                "bandwidth_limit": -1,
                "bandwidth_reservation": 0,
                "bandwidth_share_count": 50,
                "bandwidth_share_level": "normal",
                "mac_address": "00:50:56:ac:05:c6",
                "network_id": "network-1005",
                "physical_function": ""
              }
            ],
            "num_cores_per_socket": 1,
            "num_cpus": 4,
            "nvme_controller_scan_count": 1,
            "replace_trigger": null,
            "run_tools_scripts_after_power_on": true,
            "run_tools_scripts_after_resume": true,
            "run_tools_scripts_before_guest_reboot": false,
            "run_tools_scripts_before_guest_shutdown": true,
            "run_tools_scripts_before_guest_standby": true,
            "sata_controller_scan_count": 0,
            "scsi_bus_sharing": "noSharing",
            "scsi_controller_scan_count": 1,
            "scsi_type": "lsilogic",
            "storage_policy_id": null,
            "swap_placement_policy": "inherit",
            "sync_time_with_host": true,
            "sync_time_with_host_periodically": false,
            "tools_upgrade_policy": "manual",
            "uuid": "422c11b4-ebe0-19cd-12a8-149ad33f7573",
            "vapp": null,
            "vapp_transport": [],
            "vbs_enabled": false,
            "vtpm": false,
            "vvtd_enabled": false
          },
          "sensitive_attributes": []
        }
      ]
    },
    {
      "module": "module.workers[\"worker04\"]",
      "mode": "managed",
      "type": "vsphere_virtual_machine",
      "name": "vm",
      "provider": "provider[\"registry.terraform.io/hashicorp/vsphere\"]",
      "instances": [
        {
          "schema_version": 3,
          "attributes": {
            "alternate_guest_name": "",
            "annotation": "",
            "boot_delay": 0,
            "boot_retry_delay": 10000,
            "boot_retry_enabled": false,
            "cdrom": [],
            "change_version": "2025-05-31T03:22:08.552125Z",
            "clone": [
              {
                "customization_spec": [],
                "customize": [],
                "linked_clone": false,
                "ovf_network_map": {},
                "ovf_storage_map": {},
                "template_uuid": "422c11b4-ebe0-19cd-12a8-149ad33f7573",
                "timeout": 30
              }
            ],
            "cpu_hot_add_enabled": false,
            "cpu_hot_remove_enabled": false,
            "cpu_limit": -1,
            "cpu_performance_counters_enabled": false,
            "cpu_reservation": 0,
            "cpu_share_count": 2000,
            "cpu_share_level": "normal",
            "custom_attributes": {},
            "datacenter_id": null,
            "datastore_cluster_id": null,
            "datastore_id": "datastore-1014",
            "default_ip_address": "10.8.0.41",
            "disk": [
              {
                "attach": false,
                "controller_type": "scsi",
                "datastore_id": "datastore-1014",
                "device_address": "scsi:0:0",
                "disk_mode": "persistent",
                "disk_sharing": "sharingNone",
                "eagerly_scrub": false,
                "io_limit": -1,
                "io_reservation": 0,
                "io_share_count": 1000,
                "io_share_level": "normal",
                "keep_on_remove": false,
                "key": 2000,
                "label": "disk0",
                "path": "worker04_1/worker04.vmdk",
                "size": 100,
                "storage_policy_id": "",
                "thin_provisioned": true,
                "unit_number": 0,
                "uuid": "6000C296-4d6a-9095-7009-30e31e21e14a",
                "write_through": false
              }
            ],
            "efi_secure_boot_enabled": false,
            "enable_disk_uuid": false,
            "enable_logging": false,
            "ept_rvi_mode": "automatic",
            "extra_config": {
              "guestinfo.metadata": "aW5zdGFuY2UtaWQ6IHdvcmtlcjA0DQpsb2NhbC1ob3N0bmFtZTogd29ya2VyMDQNCm5ldHdvcms6DQogIHZlcnNpb246IDINCiAgZXRoZXJuZXRzOg0KICAgIGVuczE2MDoNCiAgICAgIGRoY3A0OiBmYWxzZQ0KICAgICAgYWRkcmVzc2VzOiBbMTAuOC4wLjQxLzhdDQogICAgICBnYXRld2F5NDogMTAuMC4xMDAuMTENCiAgICAgIG5hbWVzZXJ2ZXJzOg0KICAgICAgICBhZGRyZXNzZXM6IFsxMC4wLjEwMC4xMSw4LjguOC44XQ0K",
              "guestinfo.metadata.encoding": "base64",
              "guestinfo.userdata": "I2Nsb3VkLWNvbmZpZw0KaG9zdG5hbWU6IHdvcmtlcjA0DQpmcWRuOiB3b3JrZXIwNC5sb2NhbA0KbWFuYWdlX2V0Y19ob3N0czogdHJ1ZQ0KDQp1c2VyczoNCiAgLSBuYW1lOiB1YnVudHUNCiAgICBncm91cHM6IHN1ZG8NCiAgICBzaGVsbDogL2Jpbi9iYXNoDQogICAgbG9ja19wYXNzd2Q6IGZhbHNlDQogICAgcGxhaW5fdGV4dF9wYXNzd2Q6ICJ1YnVudHUiDQogICAgc3VkbzogQUxMPShBTEwpIE5PUEFTU1dEOkFMTA0KICAgIHNzaC1hdXRob3JpemVkLWtleXM6DQogICAgICAtIHNzaC1yc2EgQUFBQUIzTnphQzF5YzJFQUFBQURBUUFCQUFBQ0FRQ3FnVStWaGt6cUo4MHkxeCtJV3pkc29OR2ZVZ21kVk5RYTVoWlM4VXpIUmo1bU9tL2hsRDZBc2JPb2t4bGpNNFNqUW81cDN4MHg2c1pMQWc4K2FRV3RBam0vbVFDL0ltc1VHcVNmN1UyTTNJanFNQVhoZWRndjNzTVpDSjhZV2xzNWtnbVlNeXNMdkVBaTJSZDdEdUtHb1BYL2NnelBROERXMEVaUzJNRFhUNitESDI5YUMwOGNiam54L0s2VEhxbFhqNTlmdG9kNnlQZjNTRHNUSGJyaDRUSGhHeGxUS282N09WZVVmYWtxbXNIK0tCUTZUQTNyNlVrTThsMWtEdHVLM1pMTUlUUThxOWorQTlkN3FydnowZEROMkZoQTBaMG43Q3B2eU5SMVN3Vlk3MlZqM3doWk9NYk00MjhvRFhkZ0FyUGpHcnhBZVR1V1dyMitTN2VzaTNreHhCdHFzOWU1Y3ZoQ3Z0dEl0TTJNWnh1Nk1LYzQrTEZaLzdRb3Q4KzI1NU44QVdkZUZmazZKd0EwRkVFZUdnZWpQOFUwNG5pQ04rcm1MMlEwTEVMekVXL3h1N0xLVzZuaW8xK3M1cWprMERXc0dxN2dUbHI5NzFqT2l0OTY2WUl6OGFkbnNaTzBuK1N5M1I3WkNFUlRIbXRlQ1hZTGxXZmtPeGV5cGc0RHcweVlQMlFIZHhBeEtlRnNIdEdRZmRHb3NpNUVIOTNDNEsxaUxTL3RtTm9NS04xZlRCelRqd2VFcWllOEovbExHNkV1TDl0NlpNVVpqMjZJZlowbG1JRDVKY2o2a1hXWGlhbWZlWEhTc0Q5dE9KczhncnRmTDZPTzhYN1V4NGt3RzltUjZmMkpqcGZ3eStTQ0lITXc3MWlELzF2eURjcjA2ZFFSQUhoa3ZRPT0gMi0yOUAyLTI5DQoNCnBhY2thZ2VfdXBkYXRlOiB0cnVlDQpwYWNrYWdlX3VwZ3JhZGU6IHRydWUNCg0KcnVuY21kOg0KICAtIGVjaG8gIldlbGNvbWUgdG8gd29ya2VyMDQiID4gL2V0Yy9tb3RkDQo=",
              "guestinfo.userdata.encoding": "base64"
            },
            "extra_config_reboot_required": true,
            "firmware": "bios",
            "folder": "",
            "force_power_off": true,
            "guest_id": "ubuntu64Guest",
            "guest_ip_addresses": [
              "10.8.0.41",
              "fe80::250:56ff:feac:80ba"
            ],
            "hardware_version": 19,
            "host_system_id": "host-10",
            "hv_mode": "hvAuto",
            "id": "422c1f64-13bf-5a8a-48b8-b24316cfd0e5",
            "ide_controller_count": 2,
            "ignored_guest_ips": null,
            "imported": null,
            "latency_sensitivity": "normal",
            "memory": 4096,
            "memory_hot_add_enabled": false,
            "memory_limit": -1,
            "memory_reservation": 0,
            "memory_reservation_locked_to_max": false,
            "memory_share_count": 40960,
            "memory_share_level": "normal",
            "migrate_wait_timeout": 30,
            "moid": "vm-1219",
            "name": "worker04",
            "nested_hv_enabled": false,
            "network_interface": [
              {
                "adapter_type": "vmxnet3",
                "bandwidth_limit": -1,
                "bandwidth_reservation": 0,
                "bandwidth_share_count": 50,
                "bandwidth_share_level": "normal",
                "device_address": "pci:0:7",
                "key": 4000,
                "mac_address": "00:50:56:ac:80:ba",
                "network_id": "network-12",
                "ovf_mapping": "",
                "physical_function": "",
                "use_static_mac": false
              }
            ],
            "num_cores_per_socket": 1,
            "num_cpus": 2,
            "nvme_controller_count": 0,
            "ovf_deploy": [],
            "pci_device_id": [],
            "power_state": "on",
            "poweron_timeout": 300,
            "reboot_required": false,
            "replace_trigger": null,
            "resource_pool_id": "resgroup-1010",
            "run_tools_scripts_after_power_on": true,
            "run_tools_scripts_after_resume": true,
            "run_tools_scripts_before_guest_reboot": false,
            "run_tools_scripts_before_guest_shutdown": true,
            "run_tools_scripts_before_guest_standby": true,
            "sata_controller_count": 0,
            "scsi_bus_sharing": "noSharing",
            "scsi_controller_count": 1,
            "scsi_type": "lsilogic",
            "shutdown_wait_timeout": 3,
            "storage_policy_id": "",
            "swap_placement_policy": "inherit",
            "sync_time_with_host": true,
            "sync_time_with_host_periodically": false,
            "tags": [],
            "tools_upgrade_policy": "manual",
            "uuid": "422c1f64-13bf-5a8a-48b8-b24316cfd0e5",
            "vapp": [],
            "vapp_transport": [],
            "vbs_enabled": false,
            "vmware_tools_status": "guestToolsRunning",
            "vmx_path": "worker04_1/worker04.vmx",
            "vtpm": [],
            "vvtd_enabled": false,
            "wait_for_guest_ip_timeout": 0,
            "wait_for_guest_net_routable": true,
            "wait_for_guest_net_timeout": 60
          },
          "sensitive_attributes": [],
          "private": "eyJzY2hlbWFfdmVyc2lvbiI6IjMifQ==",
          "dependencies": [
            "data.vsphere_datacenter.worker_dc",
            "data.vsphere_datastore.worker_datastore",
            "data.vsphere_network.worker_network",
            "data.vsphere_resource_pool.worker_pool",
            "data.vsphere_virtual_machine.worker_template"
          ]
        }
      ]
    }
  ],
  "check_results": null
}
